
Microsoft Visual Studio Solution File, Format Version 12.00
# Visual Studio 15
VisualStudioVersion = 15.0.28307.438
MinimumVisualStudioVersion = 10.0.40219.1
Project("{FAE04EC0-301F-11D3-BF4B-00C04F79EFBC}") = "MainProject", "MainProject\MainProject.csproj", "{A5C3DF8B-47DF-4037-A41A-F03E144B39B4}"
EndProject
Project("{FAE04EC0-301F-11D3-BF4B-00C04F79EFBC}") = "AntClassLibrary", "AntClassLibrary\AntClassLibrary.csproj", "{94B3BE06-CC1D-4739-B4D0-2E9E9C51BD69}"
EndProject
Project("{FAE04EC0-301F-11D3-BF4B-00C04F79EFBC}") = "WPFWindow", "WPFWindow\WPFWindow.csproj", "{5502E022-057E-4A3E-8075-A4A93C01CC39}"
EndProject
Global
	GlobalSection(SolutionConfigurationPlatforms) = preSolution
		Debug|Any CPU = Debug|Any CPU
		Release|Any CPU = Release|Any CPU
	EndGlobalSection
	GlobalSection(ProjectConfigurationPlatforms) = postSolution
		{A5C3DF8B-47DF-4037-A41A-F03E144B39B4}.Debug|Any CPU.ActiveCfg = Debug|Any CPU
		{A5C3DF8B-47DF-4037-A41A-F03E144B39B4}.Debug|Any CPU.Build.0 = Debug|Any CPU
		{A5C3DF8B-47DF-4037-A41A-F03E144B39B4}.Release|Any CPU.ActiveCfg = Release|Any CPU
		{A5C3DF8B-47DF-4037-A41A-F03E144B39B4}.Release|Any CPU.Build.0 = Release|Any CPU
		{94B3BE06-CC1D-4739-B4D0-2E9E9C51BD69}.Debug|Any CPU.ActiveCfg = Debug|Any CPU
		{94B3BE06-CC1D-4739-B4D0-2E9E9C51BD69}.Debug|Any CPU.Build.0 = Debug|Any CPU
		{94B3BE06-CC1D-4739-B4D0-2E9E9C51BD69}.Release|Any CPU.ActiveCfg = Release|Any CPU
		{94B3BE06-CC1D-4739-B4D0-2E9E9C51BD69}.Release|Any CPU.Build.0 = Release|Any CPU
		{5502E022-057E-4A3E-8075-A4A93C01CC39}.Debug|Any CPU.ActiveCfg = Debug|Any CPU
		{5502E022-057E-4A3E-8075-A4A93C01CC39}.Debug|Any CPU.Build.0 = Debug|Any CPU
		{5502E022-057E-4A3E-8075-A4A93C01CC39}.Release|Any CPU.ActiveCfg = Release|Any CPU
		{5502E022-057E-4A3E-8075-A4A93C01CC39}.Release|Any CPU.Build.0 = Release|Any CPU
	EndGlobalSection
	GlobalSection(SolutionProperties) = preSolution
		HideSolutionNode = FALSE
	EndGlobalSection
	GlobalSection(ExtensibilityGlobals) = postSolution
		SolutionGuid = {6CDA7285-A536-43BA-A7E4-CBC8654CA0F1}
	EndGlobalSection
EndGlobal
